github.com/gospider007/kinds v0.0.0-20240929075207-ee6b7ab27d08 h1:4fljvVROVUGvHV0pDvXgcW6gfw3w01CuaM/EA0+cof4=
github.com/gospider007/kinds v0.0.0-20240929075207-ee6b7ab27d08/go.mod h1:yZx7Zfp1I4P6CO3TcDyDY5SuXQYr0bZjzT9zG0XrJAI=
github.com/gospider007/kinds v0.0.0-20240929092451-8f867acde255 h1:X+AM/mgmh/EfyQUjKZp1VFc9TSlrhkwS0eSYeo5fMs4=
github.com/gospider007/kinds v0.0.0-20240929092451-8f867acde255/go.mod h1:yZx7Zfp1I4P6CO3TcDyDY5SuXQYr0bZjzT9zG0XrJAI=
